{
  "object": {
    "pins": [
      {
        "package": "SnapshotTesting",
        "repositoryURL": "https://github.com/pointfreeco/swift-snapshot-testing",
        "state": {
          "branch": null,
          "revision": "b6a3c918846b9e2dec93197fc6ede79c5c05d8d3",
          "version": "1.7.0"
        }
      }
    ]
  },
  "version": 1
}
